
Microsoft Visual Studio Solution File, Format Version 12.00
# Visual Studio 15
VisualStudioVersion = 15.0.28307.1738
MinimumVisualStudioVersion = 10.0.40219.1
Project("{FAE04EC0-301F-11D3-BF4B-00C04F79EFBC}") = "WindowsFormsApp4", "WindowsFormsApp4\WindowsFormsApp4.csproj", "{55384756-A6F0-4BDA-96F2-CA3BB80CA8D1}"
EndProject
Global
	GlobalSection(SolutionConfigurationPlatforms) = preSolution
		Debug|Any CPU = Debug|Any CPU
		Release|Any CPU = Release|Any CPU
	EndGlobalSection
	GlobalSection(ProjectConfigurationPlatforms) = postSolution
		{55384756-A6F0-4BDA-96F2-CA3BB80CA8D1}.Debug|Any CPU.ActiveCfg = Debug|Any CPU
		{55384756-A6F0-4BDA-96F2-CA3BB80CA8D1}.Debug|Any CPU.Build.0 = Debug|Any CPU
		{55384756-A6F0-4BDA-96F2-CA3BB80CA8D1}.Release|Any CPU.ActiveCfg = Release|Any CPU
		{55384756-A6F0-4BDA-96F2-CA3BB80CA8D1}.Release|Any CPU.Build.0 = Release|Any CPU
	EndGlobalSection
	GlobalSection(SolutionProperties) = preSolution
		HideSolutionNode = FALSE
	EndGlobalSection
	GlobalSection(ExtensibilityGlobals) = postSolution
		SolutionGuid = {8DB95195-9CE8-4045-A43B-DEC8F84BE17A}
	EndGlobalSection
EndGlobal
